
Microsoft Visual Studio Solution File, Format Version 12.00
# Visual Studio Version 16
VisualStudioVersion = 16.0.32510.428
MinimumVisualStudioVersion = 10.0.40219.1
Project("{FAE04EC0-301F-11D3-BF4B-00C04F79EFBC}") = "MultiLayer architecture", "MultiLayer architecture.csproj", "{A1E674D1-786A-4127-A324-98A51D686388}"
EndProject
Project("{FAE04EC0-301F-11D3-BF4B-00C04F79EFBC}") = "Data AccessLayer DAL", "..\Data AccessLayer DAL\Data AccessLayer DAL.csproj", "{67A57CB5-EB8D-4CC3-9141-04F4657694DE}"
EndProject
Project("{FAE04EC0-301F-11D3-BF4B-00C04F79EFBC}") = "BusinessLayer BAL", "..\BusinessLayer BAL\BusinessLayer BAL.csproj", "{3183FDEF-8FA5-4AEF-AD2E-20BBFD8CFC46}"
EndProject
Project("{FAE04EC0-301F-11D3-BF4B-00C04F79EFBC}") = "CommanLayer", "..\CommanLayer\CommanLayer.csproj", "{BF1ED4C3-6AF0-4B6F-8FA7-549B82A90B4D}"
EndProject
Project("{FAE04EC0-301F-11D3-BF4B-00C04F79EFBC}") = "UtilityLayer", "..\UtilityLayer\UtilityLayer.csproj", "{24BF64A0-5838-4B3E-920A-0B70603DD66E}"
EndProject
Global
	GlobalSection(SolutionConfigurationPlatforms) = preSolution
		Debug|Any CPU = Debug|Any CPU
		Release|Any CPU = Release|Any CPU
	EndGlobalSection
	GlobalSection(ProjectConfigurationPlatforms) = postSolution
		{A1E674D1-786A-4127-A324-98A51D686388}.Debug|Any CPU.ActiveCfg = Debug|Any CPU
		{A1E674D1-786A-4127-A324-98A51D686388}.Debug|Any CPU.Build.0 = Debug|Any CPU
		{A1E674D1-786A-4127-A324-98A51D686388}.Release|Any CPU.ActiveCfg = Release|Any CPU
		{A1E674D1-786A-4127-A324-98A51D686388}.Release|Any CPU.Build.0 = Release|Any CPU
		{67A57CB5-EB8D-4CC3-9141-04F4657694DE}.Debug|Any CPU.ActiveCfg = Debug|Any CPU
		{67A57CB5-EB8D-4CC3-9141-04F4657694DE}.Debug|Any CPU.Build.0 = Debug|Any CPU
		{67A57CB5-EB8D-4CC3-9141-04F4657694DE}.Release|Any CPU.ActiveCfg = Release|Any CPU
		{67A57CB5-EB8D-4CC3-9141-04F4657694DE}.Release|Any CPU.Build.0 = Release|Any CPU
		{3183FDEF-8FA5-4AEF-AD2E-20BBFD8CFC46}.Debug|Any CPU.ActiveCfg = Debug|Any CPU
		{3183FDEF-8FA5-4AEF-AD2E-20BBFD8CFC46}.Debug|Any CPU.Build.0 = Debug|Any CPU
		{3183FDEF-8FA5-4AEF-AD2E-20BBFD8CFC46}.Release|Any CPU.ActiveCfg = Release|Any CPU
		{3183FDEF-8FA5-4AEF-AD2E-20BBFD8CFC46}.Release|Any CPU.Build.0 = Release|Any CPU
		{BF1ED4C3-6AF0-4B6F-8FA7-549B82A90B4D}.Debug|Any CPU.ActiveCfg = Debug|Any CPU
		{BF1ED4C3-6AF0-4B6F-8FA7-549B82A90B4D}.Debug|Any CPU.Build.0 = Debug|Any CPU
		{BF1ED4C3-6AF0-4B6F-8FA7-549B82A90B4D}.Release|Any CPU.ActiveCfg = Release|Any CPU
		{BF1ED4C3-6AF0-4B6F-8FA7-549B82A90B4D}.Release|Any CPU.Build.0 = Release|Any CPU
		{24BF64A0-5838-4B3E-920A-0B70603DD66E}.Debug|Any CPU.ActiveCfg = Debug|Any CPU
		{24BF64A0-5838-4B3E-920A-0B70603DD66E}.Debug|Any CPU.Build.0 = Debug|Any CPU
		{24BF64A0-5838-4B3E-920A-0B70603DD66E}.Release|Any CPU.ActiveCfg = Release|Any CPU
		{24BF64A0-5838-4B3E-920A-0B70603DD66E}.Release|Any CPU.Build.0 = Release|Any CPU
	EndGlobalSection
	GlobalSection(SolutionProperties) = preSolution
		HideSolutionNode = FALSE
	EndGlobalSection
	GlobalSection(ExtensibilityGlobals) = postSolution
		SolutionGuid = {AC3F7B2C-7DE9-4348-99A8-3D2C15219838}
	EndGlobalSection
EndGlobal
